Microsoft Visual Studio Solution File, Format Version 12.00
# Visual Studio Version 17
VisualStudioVersion = 17.5.2.0
MinimumVisualStudioVersion = 10.0.40219.1
Project("{FAE04EC0-301F-11D3-BF4B-00C04F79EFBC}") = "ApiAchei", "ApiAchei.csproj", "{D4F483FC-1A14-2BD9-8AF7-285521CF1295}"
EndProject
Global
	GlobalSection(SolutionConfigurationPlatforms) = preSolution
		Debug|Any CPU = Debug|Any CPU
		Release|Any CPU = Release|Any CPU
	EndGlobalSection
	GlobalSection(ProjectConfigurationPlatforms) = postSolution
		{D4F483FC-1A14-2BD9-8AF7-285521CF1295}.Debug|Any CPU.ActiveCfg = Debug|Any CPU
		{D4F483FC-1A14-2BD9-8AF7-285521CF1295}.Debug|Any CPU.Build.0 = Debug|Any CPU
		{D4F483FC-1A14-2BD9-8AF7-285521CF1295}.Release|Any CPU.ActiveCfg = Release|Any CPU
		{D4F483FC-1A14-2BD9-8AF7-285521CF1295}.Release|Any CPU.Build.0 = Release|Any CPU
	EndGlobalSection
	GlobalSection(SolutionProperties) = preSolution
		HideSolutionNode = FALSE
	EndGlobalSection
	GlobalSection(ExtensibilityGlobals) = postSolution
		SolutionGuid = {9AF27DE5-BC20-4D60-A2A6-582CF589279D}
	EndGlobalSection
EndGlobal
